
Microsoft Visual Studio Solution File, Format Version 12.00
# Visual Studio 15
VisualStudioVersion = 15.0.28307.1738
MinimumVisualStudioVersion = 10.0.40219.1
Project("{FAE04EC0-301F-11D3-BF4B-00C04F79EFBC}") = "SisGuauMiauWeb", "SisGuauMiauWeb\SisGuauMiauWeb.csproj", "{D504B91A-CBDF-4574-B6AD-117978CBA12A}"
EndProject
Global
	GlobalSection(SolutionConfigurationPlatforms) = preSolution
		Debug|Any CPU = Debug|Any CPU
		Release|Any CPU = Release|Any CPU
	EndGlobalSection
	GlobalSection(ProjectConfigurationPlatforms) = postSolution
		{D504B91A-CBDF-4574-B6AD-117978CBA12A}.Debug|Any CPU.ActiveCfg = Debug|Any CPU
		{D504B91A-CBDF-4574-B6AD-117978CBA12A}.Debug|Any CPU.Build.0 = Debug|Any CPU
		{D504B91A-CBDF-4574-B6AD-117978CBA12A}.Release|Any CPU.ActiveCfg = Release|Any CPU
		{D504B91A-CBDF-4574-B6AD-117978CBA12A}.Release|Any CPU.Build.0 = Release|Any CPU
	EndGlobalSection
	GlobalSection(SolutionProperties) = preSolution
		HideSolutionNode = FALSE
	EndGlobalSection
	GlobalSection(ExtensibilityGlobals) = postSolution
		SolutionGuid = {C91E90F0-AA92-488E-9D6B-DB56F24C5CB8}
	EndGlobalSection
EndGlobal
